
Microsoft Visual Studio Solution File, Format Version 12.00
# Visual Studio 15
VisualStudioVersion = 15.0.27004.2002
MinimumVisualStudioVersion = 10.0.40219.1
Project("{9A19103F-16F7-4668-BE54-9A1E7A4F7556}") = "Oogi2.AspNetCore.Identity", "Oogi2.AspNetCore.Identity\Oogi2.AspNetCore.Identity.csproj", "{AE3BDF55-6CE7-4F22-8A99-906B46B6EA5C}"
EndProject
Project("{9A19103F-16F7-4668-BE54-9A1E7A4F7556}") = "Oogi2.AspNetCore.Identity.Tests", "Oogi2.AspNetCore.Identity.Tests\Oogi2.AspNetCore.Identity.Tests.csproj", "{A0DD6FAA-E623-4008-87F4-71A9FEB83649}"
EndProject
Project("{FAE04EC0-301F-11D3-BF4B-00C04F79EFBC}") = "Oogi2.AspNetCore.SampleWeb", "Oogi2.AspNetCore.SampleWeb\Oogi2.AspNetCore.SampleWeb.csproj", "{1122D380-C2FD-4378-8DC5-24C78548F494}"
EndProject
Global
	GlobalSection(SolutionConfigurationPlatforms) = preSolution
		Debug|Any CPU = Debug|Any CPU
		Release|Any CPU = Release|Any CPU
	EndGlobalSection
	GlobalSection(ProjectConfigurationPlatforms) = postSolution
		{AE3BDF55-6CE7-4F22-8A99-906B46B6EA5C}.Debug|Any CPU.ActiveCfg = Debug|Any CPU
		{AE3BDF55-6CE7-4F22-8A99-906B46B6EA5C}.Debug|Any CPU.Build.0 = Debug|Any CPU
		{AE3BDF55-6CE7-4F22-8A99-906B46B6EA5C}.Release|Any CPU.ActiveCfg = Release|Any CPU
		{AE3BDF55-6CE7-4F22-8A99-906B46B6EA5C}.Release|Any CPU.Build.0 = Release|Any CPU
		{A0DD6FAA-E623-4008-87F4-71A9FEB83649}.Debug|Any CPU.ActiveCfg = Debug|Any CPU
		{A0DD6FAA-E623-4008-87F4-71A9FEB83649}.Debug|Any CPU.Build.0 = Debug|Any CPU
		{A0DD6FAA-E623-4008-87F4-71A9FEB83649}.Release|Any CPU.ActiveCfg = Release|Any CPU
		{A0DD6FAA-E623-4008-87F4-71A9FEB83649}.Release|Any CPU.Build.0 = Release|Any CPU
		{1122D380-C2FD-4378-8DC5-24C78548F494}.Debug|Any CPU.ActiveCfg = Debug|Any CPU
		{1122D380-C2FD-4378-8DC5-24C78548F494}.Debug|Any CPU.Build.0 = Debug|Any CPU
		{1122D380-C2FD-4378-8DC5-24C78548F494}.Release|Any CPU.ActiveCfg = Release|Any CPU
		{1122D380-C2FD-4378-8DC5-24C78548F494}.Release|Any CPU.Build.0 = Release|Any CPU
	EndGlobalSection
	GlobalSection(SolutionProperties) = preSolution
		HideSolutionNode = FALSE
	EndGlobalSection
	GlobalSection(ExtensibilityGlobals) = postSolution
		SolutionGuid = {C0A39583-BCB6-4ECF-ABCE-14DF9412536C}
	EndGlobalSection
EndGlobal
